{
  "name": "titan-memory-claude-plugin",
  "version": "0.2.6",
  "lockfileVersion": 3,
  "requires": true,
  "packages": {
    "": {
      "name": "titan-memory-claude-plugin",
      "version": "0.2.6",
      "license": "Apache-2.0",
      "dependencies": {
        "titan-memory-cli": "0.1.4"
      },
      "engines": {
        "node": ">=18"
      }
    },
    "node_modules/titan-memory-cli": {
      "version": "0.1.4",
      "resolved": "https://registry.npmjs.org/titan-memory-cli/-/titan-memory-cli-0.1.4.tgz",
      "integrity": "sha512-+FyD6ek2oORVrG5wACBWof8kKmAZONIBDNu3J+F8JrlvA6ZRNJvm/huOlQAF3qenvUBzbQ6A0CoQVWXgx91P2A==",
      "license": "Apache-2.0",
      "bin": {
        "titan": "bin/titan.js",
        "titan-memory-cli": "bin/titan.js"
      },
      "engines": {
        "node": ">=18"
      }
    }
  }
}
